{
  "name": "dsh-squeeze-command",
  "version": "0.1.0",
  "lockfileVersion": 3,
  "requires": true,
  "packages": {
    "": {
      "name": "dsh-squeeze-command",
      "version": "0.1.0",
      "dependencies": {
        "@deepseek-ai/cordis": "^4.0.1",
        "@deepseek-ai/dsh-commands": "0.1.0-rc.6",
        "@deepseek-ai/dsh-compaction": "0.1.0-rc.6",
        "@deepseek-ai/dsh-llm": "0.1.0-rc.6"
      }
    },
    "node_modules/@deepseek-ai/cordis": {
      "version": "4.0.1",
      "resolved": "https://registry.npmjs.org/@deepseek-ai/cordis/-/cordis-4.0.1.tgz",
      "integrity": "sha512-YBdskTU2Po1kru3GgcUWUbkTsPMA9LkSQDAY8rBkFJeajdgcQad3QPJZE26JyK99Xb6HaASvoXg2DSUTeN/0Nw==",
      "license": "MIT",
      "dependencies": {
        "@deepseek-ai/cosmokit": "^1.8.2",
        "@standard-schema/spec": "^1.1.0"
      },
      "bin": {
        "cordis": "bin.js"
      },
      "peerDependencies": {
        "@deepseek-ai/cordis-plugin-include": "^1.0.6",
        "@deepseek-ai/cordis-plugin-loader": "^1.0.2"
      },
      "peerDependenciesMeta": {
        "@deepseek-ai/cordis-plugin-include": {
          "optional": true
        },
        "@deepseek-ai/cordis-plugin-loader": {
          "optional": true
        }
      }
    },
    "node_modules/@deepseek-ai/cosmokit": {
      "version": "1.8.3",
      "resolved": "https://registry.npmjs.org/@deepseek-ai/cosmokit/-/cosmokit-1.8.3.tgz",
      "integrity": "sha512-qBo+ronVM6Eu2WNVJXi8JcMiqZ19T9BRIpV+5qJUFPXjGH/Z0QKcQMC/IZJ7L394YTOtJgcovbk9qP0w2GsBXQ==",
      "license": "MIT"
    },
    "node_modules/@deepseek-ai/dsh-commands": {
      "version": "0.1.0-rc.6",
      "resolved": "https://registry.npmjs.org/@deepseek-ai/dsh-commands/-/dsh-commands-0.1.0-rc.6.tgz",
      "integrity": "sha512-dq1GZmGTPXEGG01ksZ6Jj6DxAkzAbg+nepvfnM/P74d6EUcsFsEy7CfS18n0VJ6/2Wp0xOWsQyyuFElqbynO7w==",
      "license": "MIT",
      "dependencies": {
        "zod": "^4.4.3"
      },
      "peerDependencies": {
        "@deepseek-ai/cordis": "^4.0.1",
        "@deepseek-ai/dsh-agent": "^0.1.0-rc.6",
        "@deepseek-ai/dsh-brand": "^0.1.0-rc.6",
        "@deepseek-ai/dsh-invariants": "^0.1.0-rc.6",
        "@deepseek-ai/dsh-scope": "^0.1.0-rc.6",
        "@deepseek-ai/dsh-session": "^0.1.0-rc.6",
        "@deepseek-ai/dsh-typert-protocol": "^0.1.0-rc.6"
      }
    },
    "node_modules/@deepseek-ai/dsh-compaction": {
      "version": "0.1.0-rc.6",
      "resolved": "https://registry.npmjs.org/@deepseek-ai/dsh-compaction/-/dsh-compaction-0.1.0-rc.6.tgz",
      "integrity": "sha512-Uu8qgrHom13gdwwxAnqmNuWM8MqafkRlhjQMMJYmaMVVxjEUewSJ6lwtMbUEBR5ViLsfv4pTm5TnhxNCjedBUw==",
      "license": "MIT",
      "peerDependencies": {
        "@deepseek-ai/cordis": "^4.0.1",
        "@deepseek-ai/dsh-brand": "^0.1.0-rc.6",
        "@deepseek-ai/dsh-commands": "^0.1.0-rc.6",
        "@deepseek-ai/dsh-invariants": "^0.1.0-rc.6",
        "@deepseek-ai/dsh-llm": "^0.1.0-rc.6",
        "@deepseek-ai/dsh-session": "^0.1.0-rc.6"
      }
    },
    "node_modules/@deepseek-ai/dsh-llm": {
      "version": "0.1.0-rc.6",
      "resolved": "https://registry.npmjs.org/@deepseek-ai/dsh-llm/-/dsh-llm-0.1.0-rc.6.tgz",
      "integrity": "sha512-kuFGC8bHlzGTwlRxQhXjf3CYWl8M4NzH+EYIkrW8rri4iMc9W53xrdvkil5No/DUlMm8g1u7GdeiWYFy0TMvtA==",
      "license": "MIT",
      "dependencies": {
        "@deepseek-ai/schemastery": "^3.18.1"
      },
      "peerDependencies": {
        "@deepseek-ai/cordis": "^4.0.1",
        "@deepseek-ai/dsh-attachment": "^0.1.0-rc.6",
        "@deepseek-ai/dsh-brand": "^0.1.0-rc.6",
        "@deepseek-ai/dsh-invariants": "^0.1.0-rc.6",
        "@deepseek-ai/dsh-timeout": "^0.1.0-rc.6"
      }
    },
    "node_modules/@deepseek-ai/schemastery": {
      "version": "3.18.2",
      "resolved": "https://registry.npmjs.org/@deepseek-ai/schemastery/-/schemastery-3.18.2.tgz",
      "integrity": "sha512-njDtZsznjYxok7KLLlHOPyuv2efdWVbSflAHgztSfbMsg+CVraEoRe2DjOCgClYv3ZCSm7WXoaUkbB/+RY7tWQ==",
      "license": "MIT",
      "dependencies": {
        "@deepseek-ai/cosmokit": "^1.8.3",
        "@standard-schema/spec": "^1.1.0"
      }
    },
    "node_modules/@standard-schema/spec": {
      "version": "1.1.0",
      "resolved": "https://registry.npmjs.org/@standard-schema/spec/-/spec-1.1.0.tgz",
      "integrity": "sha512-l2aFy5jALhniG5HgqrD6jXLi/rUWrKvqN/qJx6yoJsgKhblVd+iqqU4RCXavm/jPityDo5TCvKMnpjKnOriy0w==",
      "license": "MIT"
    },
    "node_modules/zod": {
      "version": "4.5.4",
      "resolved": "https://registry.npmjs.org/zod/-/zod-4.5.4.tgz",
      "integrity": "sha512-sC95tT5iHHH9gtpj6A81kh+NEaRAUFN+qlUPDUbRfOMvNf5QCBqsb3WgvnpVtK5Y+4UfA6KqufotuTvMGiTlsA==",
      "license": "MIT",
      "funding": {
        "url": "https://github.com/sponsors/colinhacks"
      }
    }
  }
}
